
Microsoft Visual Studio Solution File, Format Version 12.00
# Visual Studio Version 17
VisualStudioVersion = 17.9.34414.90
MinimumVisualStudioVersion = 10.0.40219.1
Project("{9A19103F-16F7-4668-BE54-9A1E7A4F7556}") = "DnnAspire.UserPreferences.Api", "DnnAspire.UserPreferences.Api\DnnAspire.UserPreferences.Api.csproj", "{0B72F37F-A0C4-4755-933E-1798F898CBAF}"
EndProject
Project("{2150E333-8FDC-42A3-9474-1A3956D46DE8}") = "Services", "Services", "{05B9404B-E527-4250-BAE6-C008F843D033}"
EndProject
Project("{2150E333-8FDC-42A3-9474-1A3956D46DE8}") = "Frontend", "Frontend", "{168D7EC8-112B-4DA7-9C89-42B0A9951CE1}"
EndProject
Project("{2150E333-8FDC-42A3-9474-1A3956D46DE8}") = "Authentication", "Authentication", "{7EED7226-EE9F-4D6E-94CF-DBBA5E5A9D3C}"
EndProject
Project("{9A19103F-16F7-4668-BE54-9A1E7A4F7556}") = "DnnAspire.Idp", "..\auth\DnnAspire.Idp\DnnAspire.Idp.csproj", "{0E08F7C5-BB9C-4352-BABE-B2CD025D01BA}"
EndProject
Project("{9A19103F-16F7-4668-BE54-9A1E7A4F7556}") = "DnnApsire.Foodbanks.Api", "DnnApsire.Foodbanks.Api\DnnApsire.Foodbanks.Api.csproj", "{666D7D87-3A97-49D2-BCAB-A1D1B625CC6B}"
EndProject
Project("{9A19103F-16F7-4668-BE54-9A1E7A4F7556}") = "DnnAspire.Foodbanks.Web", "DnnAspire.Foodbanks.Web\DnnAspire.Foodbanks.Web.csproj", "{FD670B71-925A-45A9-8431-44686B8B919C}"
EndProject
Project("{FAE04EC0-301F-11D3-BF4B-00C04F79EFBC}") = "DnnApsire.AppHost", "DnnApsire.AppHost\DnnApsire.AppHost.csproj", "{570593B3-D316-46AD-8345-A26F28C20312}"
EndProject
Project("{9A19103F-16F7-4668-BE54-9A1E7A4F7556}") = "DnnApsire.ServiceDefaults", "DnnApsire.ServiceDefaults\DnnApsire.ServiceDefaults.csproj", "{DC5B81FF-3634-41B6-916D-A3B60F663858}"
EndProject
Project("{2150E333-8FDC-42A3-9474-1A3956D46DE8}") = "Aspire", "Aspire", "{A334ED4D-345F-4FEF-B034-D7A692E471F7}"
EndProject
Global
	GlobalSection(SolutionConfigurationPlatforms) = preSolution
		Debug|Any CPU = Debug|Any CPU
		Release|Any CPU = Release|Any CPU
	EndGlobalSection
	GlobalSection(ProjectConfigurationPlatforms) = postSolution
		{0B72F37F-A0C4-4755-933E-1798F898CBAF}.Debug|Any CPU.ActiveCfg = Debug|Any CPU
		{0B72F37F-A0C4-4755-933E-1798F898CBAF}.Debug|Any CPU.Build.0 = Debug|Any CPU
		{0B72F37F-A0C4-4755-933E-1798F898CBAF}.Release|Any CPU.ActiveCfg = Release|Any CPU
		{0B72F37F-A0C4-4755-933E-1798F898CBAF}.Release|Any CPU.Build.0 = Release|Any CPU
		{0E08F7C5-BB9C-4352-BABE-B2CD025D01BA}.Debug|Any CPU.ActiveCfg = Debug|Any CPU
		{0E08F7C5-BB9C-4352-BABE-B2CD025D01BA}.Debug|Any CPU.Build.0 = Debug|Any CPU
		{0E08F7C5-BB9C-4352-BABE-B2CD025D01BA}.Release|Any CPU.ActiveCfg = Release|Any CPU
		{0E08F7C5-BB9C-4352-BABE-B2CD025D01BA}.Release|Any CPU.Build.0 = Release|Any CPU
		{666D7D87-3A97-49D2-BCAB-A1D1B625CC6B}.Debug|Any CPU.ActiveCfg = Debug|Any CPU
		{666D7D87-3A97-49D2-BCAB-A1D1B625CC6B}.Debug|Any CPU.Build.0 = Debug|Any CPU
		{666D7D87-3A97-49D2-BCAB-A1D1B625CC6B}.Release|Any CPU.ActiveCfg = Release|Any CPU
		{666D7D87-3A97-49D2-BCAB-A1D1B625CC6B}.Release|Any CPU.Build.0 = Release|Any CPU
		{FD670B71-925A-45A9-8431-44686B8B919C}.Debug|Any CPU.ActiveCfg = Debug|Any CPU
		{FD670B71-925A-45A9-8431-44686B8B919C}.Debug|Any CPU.Build.0 = Debug|Any CPU
		{FD670B71-925A-45A9-8431-44686B8B919C}.Release|Any CPU.ActiveCfg = Release|Any CPU
		{FD670B71-925A-45A9-8431-44686B8B919C}.Release|Any CPU.Build.0 = Release|Any CPU
		{570593B3-D316-46AD-8345-A26F28C20312}.Debug|Any CPU.ActiveCfg = Debug|Any CPU
		{570593B3-D316-46AD-8345-A26F28C20312}.Debug|Any CPU.Build.0 = Debug|Any CPU
		{570593B3-D316-46AD-8345-A26F28C20312}.Release|Any CPU.ActiveCfg = Release|Any CPU
		{570593B3-D316-46AD-8345-A26F28C20312}.Release|Any CPU.Build.0 = Release|Any CPU
		{DC5B81FF-3634-41B6-916D-A3B60F663858}.Debug|Any CPU.ActiveCfg = Debug|Any CPU
		{DC5B81FF-3634-41B6-916D-A3B60F663858}.Debug|Any CPU.Build.0 = Debug|Any CPU
		{DC5B81FF-3634-41B6-916D-A3B60F663858}.Release|Any CPU.ActiveCfg = Release|Any CPU
		{DC5B81FF-3634-41B6-916D-A3B60F663858}.Release|Any CPU.Build.0 = Release|Any CPU
	EndGlobalSection
	GlobalSection(SolutionProperties) = preSolution
		HideSolutionNode = FALSE
	EndGlobalSection
	GlobalSection(NestedProjects) = preSolution
		{0B72F37F-A0C4-4755-933E-1798F898CBAF} = {05B9404B-E527-4250-BAE6-C008F843D033}
		{0E08F7C5-BB9C-4352-BABE-B2CD025D01BA} = {7EED7226-EE9F-4D6E-94CF-DBBA5E5A9D3C}
		{666D7D87-3A97-49D2-BCAB-A1D1B625CC6B} = {05B9404B-E527-4250-BAE6-C008F843D033}
		{FD670B71-925A-45A9-8431-44686B8B919C} = {168D7EC8-112B-4DA7-9C89-42B0A9951CE1}
		{570593B3-D316-46AD-8345-A26F28C20312} = {A334ED4D-345F-4FEF-B034-D7A692E471F7}
		{DC5B81FF-3634-41B6-916D-A3B60F663858} = {A334ED4D-345F-4FEF-B034-D7A692E471F7}
	EndGlobalSection
	GlobalSection(ExtensibilityGlobals) = postSolution
		SolutionGuid = {18D1D2A6-735E-40F0-9FDC-0950B457F138}
	EndGlobalSection
EndGlobal
